// !$*UTF8*$!
{
	archiveVersion = 1;
	classes = {
	};
	objectVersion = 46;
	objects = {

/* Begin PBXBuildFile section */
		383565F81FA759BC0021B726 /* main.m in Sources */ = {isa = PBXBuildFile; fileRef = 383565F71FA759BC0021B726 /* main.m */; };
		383565FB1FA759BC0021B726 /* AppDelegate.m in Sources */ = {isa = PBXBuildFile; fileRef = 383565FA1FA759BC0021B726 /* AppDelegate.m */; };
		383565FE1FA759BC0021B726 /* ViewController.m in Sources */ = {isa = PBXBuildFile; fileRef = 383565FD1FA759BC0021B726 /* ViewController.m */; };
		383566011FA759BC0021B726 /* Main.storyboard in Resources */ = {isa = PBXBuildFile; fileRef = 383565FF1FA759BC0021B726 /* Main.storyboard */; };
		383566031FA759BC0021B726 /* Assets.xcassets in Resources */ = {isa = PBXBuildFile; fileRef = 383566021FA759BC0021B726 /* Assets.xcassets */; };
		383566061FA759BC0021B726 /* LaunchScreen.storyboard in Resources */ = {isa = PBXBuildFile; fileRef = 383566041FA759BC0021B726 /* LaunchScreen.storyboard */; };
		383566101FA75AE80021B726 /* WTTableAlertView.m in Sources */ = {isa = PBXBuildFile; fileRef = 3835660F1FA75AE80021B726 /* WTTableAlertView.m */; };
/* End PBXBuildFile section */

/* Begin PBXFileReference section */
		383565F31FA759BC0021B726 /* CustomTableViewAlertView.app */ = {isa = PBXFileReference; explicitFileType = wrapper.application; includeInIndex = 0; path = CustomTableViewAlertView.app; sourceTree = BUILT_PRODUCTS_DIR; };
		383565F71FA759BC0021B726 /* main.m */ = {isa = PBXFileReference; lastKnownFileType = sourcecode.c.objc; path = main.m; sourceTree = "<group>"; };
		383565F91FA759BC0021B726 /* AppDelegate.h */ = {isa = PBXFileReference; lastKnownFileType = sourcecode.c.h; path = AppDelegate.h; sourceTree = "<group>"; };
		383565FA1FA759BC0021B726 /* AppDelegate.m */ = {isa = PBXFileReference; lastKnownFileType = sourcecode.c.objc; path = AppDelegate.m; sourceTree = "<group>"; };
		383565FC1FA759BC0021B726 /* ViewController.h */ = {isa = PBXFileReference; lastKnownFileType = sourcecode.c.h; path = ViewController.h; sourceTree = "<group>"; };
		383565FD1FA759BC0021B726 /* ViewController.m */ = {isa = PBXFileReference; lastKnownFileType = sourcecode.c.objc; path = ViewController.m; sourceTree = "<group>"; };
		383566001FA759BC0021B726 /* Base */ = {isa = PBXFileReference; lastKnownFileType = file.storyboard; name = Base; path = Base.lproj/Main.storyboard; sourceTree = "<group>"; };
		383566021FA759BC0021B726 /* Assets.xcassets */ = {isa = PBXFileReference; lastKnownFileType = folder.assetcatalog; path = Assets.xcassets; sourceTree = "<group>"; };
		383566051FA759BC0021B726 /* Base */ = {isa = PBXFileReference; lastKnownFileType = file.storyboard; name = Base; path = Base.lproj/LaunchScreen.storyboard; sourceTree = "<group>"; };
		383566071FA759BC0021B726 /* Info.plist */ = {isa = PBXFileReference; lastKnownFileType = text.plist.xml; path = Info.plist; sourceTree = "<group>"; };
		3835660E1FA75AE80021B726 /* WTTableAlertView.h */ = {isa = PBXFileReference; fileEncoding = 4; lastKnownFileType = sourcecode.c.h; path = WTTableAlertView.h; sourceTree = "<group>"; };
		3835660F1FA75AE80021B726 /* WTTableAlertView.m */ = {isa = PBXFileReference; fileEncoding = 4; lastKnownFileType = sourcecode.c.objc; path = WTTableAlertView.m; sourceTree = "<group>"; };
/* End PBXFileReference section */

/* Begin PBXFrameworksBuildPhase section */
		383565F01FA759BC0021B726 /* Frameworks */ = {
			isa = PBXFrameworksBuildPhase;
			buildActionMask = 2147483647;
			files = (
			);
			runOnlyForDeploymentPostprocessing = 0;
		};
/* End PBXFrameworksBuildPhase section */

/* Begin PBXGroup section */
		383565EA1FA759BC0021B726 = {
			isa = PBXGroup;
			children = (
				383565F51FA759BC0021B726 /* CustomTableViewAlertView */,
				383565F41FA759BC0021B726 /* Products */,
			);
			sourceTree = "<group>";
		};
		383565F41FA759BC0021B726 /* Products */ = {
			isa = PBXGroup;
			children = (
				383565F31FA759BC0021B726 /* CustomTableViewAlertView.app */,
			);
			name = Products;
			sourceTree = "<group>";
		};
		383565F51FA759BC0021B726 /* CustomTableViewAlertView */ = {
			isa = PBXGroup;
			children = (
				3835660D1FA759FD0021B726 /* TableAlert */,
				383565F91FA759BC0021B726 /* AppDelegate.h */,
				383565FA1FA759BC0021B726 /* AppDelegate.m */,
				383565FC1FA759BC0021B726 /* ViewController.h */,
				383565FD1FA759BC0021B726 /* ViewController.m */,
				383565FF1FA759BC0021B726 /* Main.storyboard */,
				383566021FA759BC0021B726 /* Assets.xcassets */,
				383566041FA759BC0021B726 /* LaunchScreen.storyboard */,
				383566071FA759BC0021B726 /* Info.plist */,
				383565F61FA759BC0021B726 /* Supporting Files */,
			);
			path = CustomTableViewAlertView;
			sourceTree = "<group>";
		};
		383565F61FA759BC0021B726 /* Supporting Files */ = {
			isa = PBXGroup;
			children = (
				383565F71FA759BC0021B726 /* main.m */,
			);
			name = "Supporting Files";
			sourceTree = "<group>";
		};
		3835660D1FA759FD0021B726 /* TableAlert */ = {
			isa = PBXGroup;
			children = (
				3835660E1FA75AE80021B726 /* WTTableAlertView.h */,
				3835660F1FA75AE80021B726 /* WTTableAlertView.m */,
			);
			path = TableAlert;
			sourceTree = "<group>";
		};
/* End PBXGroup section */

/* Begin PBXNativeTarget section */
		383565F21FA759BC0021B726 /* CustomTableViewAlertView */ = {
			isa = PBXNativeTarget;
			buildConfigurationList = 3835660A1FA759BC0021B726 /* Build configuration list for PBXNativeTarget "CustomTableViewAlertView" */;
			buildPhases = (
				383565EF1FA759BC0021B726 /* Sources */,
				383565F01FA759BC0021B726 /* Frameworks */,
				383565F11FA759BC0021B726 /* Resources */,
			);
			buildRules = (
			);
			dependencies = (
			);
			name = CustomTableViewAlertView;
			productName = CustomTableViewAlertView;
			productReference = 383565F31FA759BC0021B726 /* CustomTableViewAlertView.app */;
			productType = "com.apple.product-type.application";
		};
/* End PBXNativeTarget section */

/* Begin PBXProject section */
		383565EB1FA759BC0021B726 /* Project object */ = {
			isa = PBXProject;
			attributes = {
				LastUpgradeCheck = 0830;
				ORGANIZATIONNAME = ttw;
				TargetAttributes = {
					383565F21FA759BC0021B726 = {
						CreatedOnToolsVersion = 8.3.3;
						DevelopmentTeam = 58X4FA45LF;
						ProvisioningStyle = Automatic;
					};
				};
			};
			buildConfigurationList = 383565EE1FA759BC0021B726 /* Build configuration list for PBXProject "CustomTableViewAlertView" */;
			compatibilityVersion = "Xcode 3.2";
			developmentRegion = English;
			hasScannedForEncodings = 0;
			knownRegions = (
				en,
				Base,
			);
			mainGroup = 383565EA1FA759BC0021B726;
			productRefGroup = 383565F41FA759BC0021B726 /* Products */;
			projectDirPath = "";
			projectRoot = "";
			targets = (
				383565F21FA759BC0021B726 /* CustomTableViewAlertView */,
			);
		};
/* End PBXProject section */

/* Begin PBXResourcesBuildPhase section */
		383565F11FA759BC0021B726 /* Resources */ = {
			isa = PBXResourcesBuildPhase;
			buildActionMask = 2147483647;
			files = (
				383566061FA759BC0021B726 /* LaunchScreen.storyboard in Resources */,
				383566031FA759BC0021B726 /* Assets.xcassets in Resources */,
				383566011FA759BC0021B726 /* Main.storyboard in Resources */,
			);
			runOnlyForDeploymentPostprocessing = 0;
		};
/* End PBXResourcesBuildPhase section */

/* Begin PBXSourcesBuildPhase section */
		383565EF1FA759BC0021B726 /* Sources */ = {
			isa = PBXSourcesBuildPhase;
			buildActionMask = 2147483647;
			files = (
				383565FE1FA759BC0021B726 /* ViewController.m in Sources */,
				383565FB1FA759BC0021B726 /* AppDelegate.m in Sources */,
				383565F81FA759BC0021B726 /* main.m in Sources */,
				383566101FA75AE80021B726 /* WTTableAlertView.m in Sources */,
			);
			runOnlyForDeploymentPostprocessing = 0;
		};
/* End PBXSourcesBuildPhase section */

/* Begin PBXVariantGroup section */
		383565FF1FA759BC0021B726 /* Main.storyboard */ = {
			isa = PBXVariantGroup;
			children = (
				383566001FA759BC0021B726 /* Base */,
			);
			name = Main.storyboard;
			sourceTree = "<group>";
		};
		383566041FA759BC0021B726 /* LaunchScreen.storyboard */ = {
			isa = PBXVariantGroup;
			children = (
				383566051FA759BC0021B726 /* Base */,
			);
			name = LaunchScreen.storyboard;
			sourceTree = "<group>";
		};
/* End PBXVariantGroup section */

/* Begin XCBuildConfiguration section */
		383566081FA759BC0021B726 /* Debug */ = {
			isa = XCBuildConfiguration;
			buildSettings = {
				ALWAYS_SEARCH_USER_PATHS = NO;
				CLANG_ANALYZER_NONNULL = YES;
				CLANG_ANALYZER_NUMBER_OBJECT_CONVERSION = YES_AGGRESSIVE;
				CLANG_CXX_LANGUAGE_STANDARD = "gnu++0x";
				CLANG_CXX_LIBRARY = "libc++";
				CLANG_ENABLE_MODULES = YES;
				CLANG_ENABLE_OBJC_ARC = YES;
				CLANG_WARN_BOOL_CONVERSION = YES;
				CLANG_WARN_CONSTANT_CONVERSION = YES;
				CLANG_WARN_DIRECT_OBJC_ISA_USAGE = YES_ERROR;
				CLANG_WARN_DOCUMENTATION_COMMENTS = YES;
				CLANG_WARN_EMPTY_BODY = YES;
				CLANG_WARN_ENUM_CONVERSION = YES;
				CLANG_WARN_INFINITE_RECURSION = YES;
				CLANG_WARN_INT_CONVERSION = YES;
				CLANG_WARN_OBJC_ROOT_CLASS = YES_ERROR;
				CLANG_WARN_SUSPICIOUS_MOVE = YES;
				CLANG_WARN_UNREACHABLE_CODE = YES;
				CLANG_WARN__DUPLICATE_METHOD_MATCH = YES;
				"CODE_SIGN_IDENTITY[sdk=iphoneos*]" = "iPhone Developer";
				COPY_PHASE_STRIP = NO;
				DEBUG_INFORMATION_FORMAT = dwarf;
				ENABLE_STRICT_OBJC_MSGSEND = YES;
				ENABLE_TESTABILITY = YES;
				GCC_C_LANGUAGE_STANDARD = gnu99;
				GCC_DYNAMIC_NO_PIC = NO;
				GCC_NO_COMMON_BLOCKS = YES;
				GCC_OPTIMIZATION_LEVEL = 0;
				GCC_PREPROCESSOR_DEFINITIONS = (
					"DEBUG=1",
					"$(inherited)",
				);
				GCC_WARN_64_TO_32_BIT_CONVERSION = YES;
				GCC_WARN_ABOUT_RETURN_TYPE = YES_ERROR;
				GCC_WARN_UNDECLARED_SELECTOR = YES;
				GCC_WARN_UNINITIALIZED_AUTOS = YES_AGGRESSIVE;
				GCC_WARN_UNUSED_FUNCTION = YES;
				GCC_WARN_UNUSED_VARIABLE = YES;
				IPHONEOS_DEPLOYMENT_TARGET = 10.3;
				MTL_ENABLE_DEBUG_INFO = YES;
				ONLY_ACTIVE_ARCH = YES;
				SDKROOT = iphoneos;
			};
			name = Debug;
		};
		383566091FA759BC0021B726 /* Release */ = {
			isa = XCBuildConfiguration;
			buildSettings = {
				ALWAYS_SEARCH_USER_PATHS = NO;
				CLANG_ANALYZER_NONNULL = YES;
				CLANG_ANALYZER_NUMBER_OBJECT_CONVERSION = YES_AGGRESSIVE;
				CLANG_CXX_LANGUAGE_STANDARD = "gnu++0x";
				CLANG_CXX_LIBRARY = "libc++";
				CLANG_ENABLE_MODULES = YES;
				CLANG_ENABLE_OBJC_ARC = YES;
				CLANG_WARN_BOOL_CONVERSION = YES;
				CLANG_WARN_CONSTANT_CONVERSION = YES;
				CLANG_WARN_DIRECT_OBJC_ISA_USAGE = YES_ERROR;
				CLANG_WARN_DOCUMENTATION_COMMENTS = YES;
				CLANG_WARN_EMPTY_BODY = YES;
				CLANG_WARN_ENUM_CONVERSION = YES;
				CLANG_WARN_INFINITE_RECURSION = YES;
				CLANG_WARN_INT_CONVERSION = YES;
				CLANG_WARN_OBJC_ROOT_CLASS = YES_ERROR;
				CLANG_WARN_SUSPICIOUS_MOVE = YES;
				CLANG_WARN_UNREACHABLE_CODE = YES;
				CLANG_WARN__DUPLICATE_METHOD_MATCH = YES;
				"CODE_SIGN_IDENTITY[sdk=iphoneos*]" = "iPhone Developer";
				COPY_PHASE_STRIP = NO;
				DEBUG_INFORMATION_FORMAT = "dwarf-with-dsym";
				ENABLE_NS_ASSERTIONS = NO;
				ENABLE_STRICT_OBJC_MSGSEND = YES;
				GCC_C_LANGUAGE_STANDARD = gnu99;
				GCC_NO_COMMON_BLOCKS = YES;
				GCC_WARN_64_TO_32_BIT_CONVERSION = YES;
				GCC_WARN_ABOUT_RETURN_TYPE = YES_ERROR;
				GCC_WARN_UNDECLARED_SELECTOR = YES;
				GCC_WARN_UNINITIALIZED_AUTOS = YES_AGGRESSIVE;
				GCC_WARN_UNUSED_FUNCTION = YES;
				GCC_WARN_UNUSED_VARIABLE = YES;
				IPHONEOS_DEPLOYMENT_TARGET = 10.3;
				MTL_ENABLE_DEBUG_INFO = NO;
				SDKROOT = iphoneos;
				VALIDATE_PRODUCT = YES;
			};
			name = Release;
		};
		3835660B1FA759BC0021B726 /* Debug */ = {
			isa = XCBuildConfiguration;
			buildSettings = {
				ASSETCATALOG_COMPILER_APPICON_NAME = AppIcon;
				DEVELOPMENT_TEAM = 58X4FA45LF;
				INFOPLIST_FILE = CustomTableViewAlertView/Info.plist;
				IPHONEOS_DEPLOYMENT_TARGET = 8.0;
				LD_RUNPATH_SEARCH_PATHS = "$(inherited) @executable_path/Frameworks";
				PRODUCT_BUNDLE_IDENTIFIER = com.wyz.CustomTableViewAlertView;
				PRODUCT_NAME = "$(TARGET_NAME)";
			};
			name = Debug;
		};
		3835660C1FA759BC0021B726 /* Release */ = {
			isa = XCBuildConfiguration;
			buildSettings = {
				ASSETCATALOG_COMPILER_APPICON_NAME = AppIcon;
				DEVELOPMENT_TEAM = 58X4FA45LF;
				INFOPLIST_FILE = CustomTableViewAlertView/Info.plist;
				IPHONEOS_DEPLOYMENT_TARGET = 8.0;
				LD_RUNPATH_SEARCH_PATHS = "$(inherited) @executable_path/Frameworks";
				PRODUCT_BUNDLE_IDENTIFIER = com.wyz.CustomTableViewAlertView;
				PRODUCT_NAME = "$(TARGET_NAME)";
			};
			name = Release;
		};
/* End XCBuildConfiguration section */

/* Begin XCConfigurationList section */
		383565EE1FA759BC0021B726 /* Build configuration list for PBXProject "CustomTableViewAlertView" */ = {
			isa = XCConfigurationList;
			buildConfigurations = (
				383566081FA759BC0021B726 /* Debug */,
				383566091FA759BC0021B726 /* Release */,
			);
			defaultConfigurationIsVisible = 0;
			defaultConfigurationName = Release;
		};
		3835660A1FA759BC0021B726 /* Build configuration list for PBXNativeTarget "CustomTableViewAlertView" */ = {
			isa = XCConfigurationList;
			buildConfigurations = (
				3835660B1FA759BC0021B726 /* Debug */,
				3835660C1FA759BC0021B726 /* Release */,
			);
			defaultConfigurationIsVisible = 0;
		};
/* End XCConfigurationList section */
	};
	rootObject = 383565EB1FA759BC0021B726 /* Project object */;
}
